
Microsoft Visual Studio Solution File, Format Version 12.00
# Visual Studio Version 17
VisualStudioVersion = 17.8.34330.188
MinimumVisualStudioVersion = 10.0.40219.1
Project("{FAE04EC0-301F-11D3-BF4B-00C04F79EFBC}") = "BOMQuestion1", "BOMQuestion1.csproj", "{88C388A5-BE4B-4B25-8DE8-4987D00D6FAC}"
EndProject
Global
	GlobalSection(SolutionConfigurationPlatforms) = preSolution
		Debug|Any CPU = Debug|Any CPU
		Release|Any CPU = Release|Any CPU
	EndGlobalSection
	GlobalSection(ProjectConfigurationPlatforms) = postSolution
		{88C388A5-BE4B-4B25-8DE8-4987D00D6FAC}.Debug|Any CPU.ActiveCfg = Debug|Any CPU
		{88C388A5-BE4B-4B25-8DE8-4987D00D6FAC}.Debug|Any CPU.Build.0 = Debug|Any CPU
		{88C388A5-BE4B-4B25-8DE8-4987D00D6FAC}.Release|Any CPU.ActiveCfg = Release|Any CPU
		{88C388A5-BE4B-4B25-8DE8-4987D00D6FAC}.Release|Any CPU.Build.0 = Release|Any CPU
	EndGlobalSection
	GlobalSection(SolutionProperties) = preSolution
		HideSolutionNode = FALSE
	EndGlobalSection
	GlobalSection(ExtensibilityGlobals) = postSolution
		SolutionGuid = {9705A8CC-5E89-40DC-BB31-5DA782249879}
	EndGlobalSection
EndGlobal
